// !$*UTF8*$!
{
	archiveVersion = 1;
	classes = {
	};
	objectVersion = 50;
	objects = {

/* Begin PBXBuildFile section */
		E0D0158A269DA69800FCB4F5 /* AuthenticationSampleApp.swift in Sources */ = {isa = PBXBuildFile; fileRef = E0D01589269DA69800FCB4F5 /* AuthenticationSampleApp.swift */; };
		E0D0158E269DA69F00FCB4F5 /* Assets.xcassets in Resources */ = {isa = PBXBuildFile; fileRef = E0D0158D269DA69F00FCB4F5 /* Assets.xcassets */; };
		E0D01591269DA69F00FCB4F5 /* Preview Assets.xcassets in Resources */ = {isa = PBXBuildFile; fileRef = E0D01590269DA69F00FCB4F5 /* Preview Assets.xcassets */; };
		E0EF57B126A031C7003BF56A /* UserSession.swift in Sources */ = {isa = PBXBuildFile; fileRef = E0EF57B026A031C7003BF56A /* UserSession.swift */; };
		E0EF57B426A04741003BF56A /* RemoteUserSession.swift in Sources */ = {isa = PBXBuildFile; fileRef = E0EF57B326A04741003BF56A /* RemoteUserSession.swift */; };
		E0EF57B626A04757003BF56A /* UserProfile.swift in Sources */ = {isa = PBXBuildFile; fileRef = E0EF57B526A04757003BF56A /* UserProfile.swift */; };
		E0EF57B926A04FA1003BF56A /* LaunchingView.swift in Sources */ = {isa = PBXBuildFile; fileRef = E0EF57B826A04FA1003BF56A /* LaunchingView.swift */; };
		E0EF57BC26A05058003BF56A /* FullscreenView.swift in Sources */ = {isa = PBXBuildFile; fileRef = E0EF57BB26A05058003BF56A /* FullscreenView.swift */; };
		E0EF57BE26A06B7F003BF56A /* WelcomeView.swift in Sources */ = {isa = PBXBuildFile; fileRef = E0EF57BD26A06B7F003BF56A /* WelcomeView.swift */; };
		E0EF57C026A070D6003BF56A /* MyApp.swift in Sources */ = {isa = PBXBuildFile; fileRef = E0EF57BF26A070D6003BF56A /* MyApp.swift */; };
		E0EF57C226A0755E003BF56A /* MyAppDependencyContainer.swift in Sources */ = {isa = PBXBuildFile; fileRef = E0EF57C126A0755E003BF56A /* MyAppDependencyContainer.swift */; };
		E0EF57C426A077A5003BF56A /* SignInView.swift in Sources */ = {isa = PBXBuildFile; fileRef = E0EF57C326A077A5003BF56A /* SignInView.swift */; };
		E0EF57C626A077FE003BF56A /* SignInViewModel.swift in Sources */ = {isa = PBXBuildFile; fileRef = E0EF57C526A077FE003BF56A /* SignInViewModel.swift */; };
		E0EF57C826A07856003BF56A /* SignUpView.swift in Sources */ = {isa = PBXBuildFile; fileRef = E0EF57C726A07856003BF56A /* SignUpView.swift */; };
		E0EF57CA26A18CE3003BF56A /* UserSessionStore.swift in Sources */ = {isa = PBXBuildFile; fileRef = E0EF57C926A18CE3003BF56A /* UserSessionStore.swift */; };
		E0EF57CC26A18D3E003BF56A /* ErrorMessage.swift in Sources */ = {isa = PBXBuildFile; fileRef = E0EF57CB26A18D3E003BF56A /* ErrorMessage.swift */; };
		E0EF57CE26A18E28003BF56A /* UserAuthenticationRemoteAPI.swift in Sources */ = {isa = PBXBuildFile; fileRef = E0EF57CD26A18E28003BF56A /* UserAuthenticationRemoteAPI.swift */; };
		E0EF57D026A18E5A003BF56A /* SignInUseCase.swift in Sources */ = {isa = PBXBuildFile; fileRef = E0EF57CF26A18E5A003BF56A /* SignInUseCase.swift */; };
		E0EF57D226A18E98003BF56A /* MainView.swift in Sources */ = {isa = PBXBuildFile; fileRef = E0EF57D126A18E98003BF56A /* MainView.swift */; };
		E0EF57D426A18F01003BF56A /* CurrentView.swift in Sources */ = {isa = PBXBuildFile; fileRef = E0EF57D326A18F01003BF56A /* CurrentView.swift */; };
		E0EF57D626A19A55003BF56A /* LandingView.swift in Sources */ = {isa = PBXBuildFile; fileRef = E0EF57D526A19A55003BF56A /* LandingView.swift */; };
		E0EF57DA26A1A137003BF56A /* FakeUserSessionStore.swift in Sources */ = {isa = PBXBuildFile; fileRef = E0EF57D926A1A137003BF56A /* FakeUserSessionStore.swift */; };
/* End PBXBuildFile section */

/* Begin PBXFileReference section */
		E0D01586269DA69800FCB4F5 /* AuthenticationSample.app */ = {isa = PBXFileReference; explicitFileType = wrapper.application; includeInIndex = 0; path = AuthenticationSample.app; sourceTree = BUILT_PRODUCTS_DIR; };
		E0D01589269DA69800FCB4F5 /* AuthenticationSampleApp.swift */ = {isa = PBXFileReference; lastKnownFileType = sourcecode.swift; path = AuthenticationSampleApp.swift; sourceTree = "<group>"; };
		E0D0158D269DA69F00FCB4F5 /* Assets.xcassets */ = {isa = PBXFileReference; lastKnownFileType = folder.assetcatalog; path = Assets.xcassets; sourceTree = "<group>"; };
		E0D01590269DA69F00FCB4F5 /* Preview Assets.xcassets */ = {isa = PBXFileReference; lastKnownFileType = folder.assetcatalog; path = "Preview Assets.xcassets"; sourceTree = "<group>"; };
		E0D01592269DA69F00FCB4F5 /* Info.plist */ = {isa = PBXFileReference; lastKnownFileType = text.plist.xml; path = Info.plist; sourceTree = "<group>"; };
		E0EF57B026A031C7003BF56A /* UserSession.swift */ = {isa = PBXFileReference; lastKnownFileType = sourcecode.swift; path = UserSession.swift; sourceTree = "<group>"; };
		E0EF57B326A04741003BF56A /* RemoteUserSession.swift */ = {isa = PBXFileReference; lastKnownFileType = sourcecode.swift; path = RemoteUserSession.swift; sourceTree = "<group>"; };
		E0EF57B526A04757003BF56A /* UserProfile.swift */ = {isa = PBXFileReference; lastKnownFileType = sourcecode.swift; path = UserProfile.swift; sourceTree = "<group>"; };
		E0EF57B826A04FA1003BF56A /* LaunchingView.swift */ = {isa = PBXFileReference; lastKnownFileType = sourcecode.swift; path = LaunchingView.swift; sourceTree = "<group>"; };
		E0EF57BB26A05058003BF56A /* FullscreenView.swift */ = {isa = PBXFileReference; lastKnownFileType = sourcecode.swift; path = FullscreenView.swift; sourceTree = "<group>"; };
		E0EF57BD26A06B7F003BF56A /* WelcomeView.swift */ = {isa = PBXFileReference; lastKnownFileType = sourcecode.swift; path = WelcomeView.swift; sourceTree = "<group>"; };
		E0EF57BF26A070D6003BF56A /* MyApp.swift */ = {isa = PBXFileReference; lastKnownFileType = sourcecode.swift; path = MyApp.swift; sourceTree = "<group>"; };
		E0EF57C126A0755E003BF56A /* MyAppDependencyContainer.swift */ = {isa = PBXFileReference; lastKnownFileType = sourcecode.swift; path = MyAppDependencyContainer.swift; sourceTree = "<group>"; };
		E0EF57C326A077A5003BF56A /* SignInView.swift */ = {isa = PBXFileReference; lastKnownFileType = sourcecode.swift; path = SignInView.swift; sourceTree = "<group>"; };
		E0EF57C526A077FE003BF56A /* SignInViewModel.swift */ = {isa = PBXFileReference; lastKnownFileType = sourcecode.swift; path = SignInViewModel.swift; sourceTree = "<group>"; };
		E0EF57C726A07856003BF56A /* SignUpView.swift */ = {isa = PBXFileReference; lastKnownFileType = sourcecode.swift; path = SignUpView.swift; sourceTree = "<group>"; };
		E0EF57C926A18CE3003BF56A /* UserSessionStore.swift */ = {isa = PBXFileReference; lastKnownFileType = sourcecode.swift; path = UserSessionStore.swift; sourceTree = "<group>"; };
		E0EF57CB26A18D3E003BF56A /* ErrorMessage.swift */ = {isa = PBXFileReference; lastKnownFileType = sourcecode.swift; path = ErrorMessage.swift; sourceTree = "<group>"; };
		E0EF57CD26A18E28003BF56A /* UserAuthenticationRemoteAPI.swift */ = {isa = PBXFileReference; lastKnownFileType = sourcecode.swift; path = UserAuthenticationRemoteAPI.swift; sourceTree = "<group>"; };
		E0EF57CF26A18E5A003BF56A /* SignInUseCase.swift */ = {isa = PBXFileReference; lastKnownFileType = sourcecode.swift; path = SignInUseCase.swift; sourceTree = "<group>"; };
		E0EF57D126A18E98003BF56A /* MainView.swift */ = {isa = PBXFileReference; lastKnownFileType = sourcecode.swift; path = MainView.swift; sourceTree = "<group>"; };
		E0EF57D326A18F01003BF56A /* CurrentView.swift */ = {isa = PBXFileReference; lastKnownFileType = sourcecode.swift; path = CurrentView.swift; sourceTree = "<group>"; };
		E0EF57D526A19A55003BF56A /* LandingView.swift */ = {isa = PBXFileReference; lastKnownFileType = sourcecode.swift; path = LandingView.swift; sourceTree = "<group>"; };
		E0EF57D926A1A137003BF56A /* FakeUserSessionStore.swift */ = {isa = PBXFileReference; lastKnownFileType = sourcecode.swift; path = FakeUserSessionStore.swift; sourceTree = "<group>"; };
/* End PBXFileReference section */

/* Begin PBXFrameworksBuildPhase section */
		E0D01583269DA69800FCB4F5 /* Frameworks */ = {
			isa = PBXFrameworksBuildPhase;
			buildActionMask = 2147483647;
			files = (
			);
			runOnlyForDeploymentPostprocessing = 0;
		};
/* End PBXFrameworksBuildPhase section */

/* Begin PBXGroup section */
		E0D0157D269DA69800FCB4F5 = {
			isa = PBXGroup;
			children = (
				E0EF57B726A04F6F003BF56A /* UserKitUI */,
				E0EF57AF26A031AD003BF56A /* UserKit */,
				E0D01588269DA69800FCB4F5 /* AuthenticationSample */,
				E0D01587269DA69800FCB4F5 /* Products */,
			);
			sourceTree = "<group>";
		};
		E0D01587269DA69800FCB4F5 /* Products */ = {
			isa = PBXGroup;
			children = (
				E0D01586269DA69800FCB4F5 /* AuthenticationSample.app */,
			);
			name = Products;
			sourceTree = "<group>";
		};
		E0D01588269DA69800FCB4F5 /* AuthenticationSample */ = {
			isa = PBXGroup;
			children = (
				E0D01589269DA69800FCB4F5 /* AuthenticationSampleApp.swift */,
				E0D0158D269DA69F00FCB4F5 /* Assets.xcassets */,
				E0D01592269DA69F00FCB4F5 /* Info.plist */,
				E0D0158F269DA69F00FCB4F5 /* Preview Content */,
			);
			path = AuthenticationSample;
			sourceTree = "<group>";
		};
		E0D0158F269DA69F00FCB4F5 /* Preview Content */ = {
			isa = PBXGroup;
			children = (
				E0D01590269DA69F00FCB4F5 /* Preview Assets.xcassets */,
			);
			path = "Preview Content";
			sourceTree = "<group>";
		};
		E0EF57AF26A031AD003BF56A /* UserKit */ = {
			isa = PBXGroup;
			children = (
				E0EF57E026A1AD44003BF56A /* MyApp */,
				E0EF57DF26A1AD25003BF56A /* UserAuthRemoteAPI */,
				E0EF57D726A1A0E0003BF56A /* UserSessionStore */,
				E0EF57B226A04733003BF56A /* Model */,
			);
			path = UserKit;
			sourceTree = "<group>";
		};
		E0EF57B226A04733003BF56A /* Model */ = {
			isa = PBXGroup;
			children = (
				E0EF57B026A031C7003BF56A /* UserSession.swift */,
				E0EF57B326A04741003BF56A /* RemoteUserSession.swift */,
				E0EF57B526A04757003BF56A /* UserProfile.swift */,
			);
			path = Model;
			sourceTree = "<group>";
		};
		E0EF57B726A04F6F003BF56A /* UserKitUI */ = {
			isa = PBXGroup;
			children = (
				E0EF57DE26A1ACD9003BF56A /* Initial UI */,
				E0EF57DD26A1ACBB003BF56A /* Signup */,
				E0EF57DC26A1AC80003BF56A /* Signin */,
				E0EF57BA26A0504C003BF56A /* ReusableView */,
				E0EF57DB26A1A312003BF56A /* Reusable Model */,
			);
			path = UserKitUI;
			sourceTree = "<group>";
		};
		E0EF57BA26A0504C003BF56A /* ReusableView */ = {
			isa = PBXGroup;
			children = (
				E0EF57BB26A05058003BF56A /* FullscreenView.swift */,
			);
			path = ReusableView;
			sourceTree = "<group>";
		};
		E0EF57D726A1A0E0003BF56A /* UserSessionStore */ = {
			isa = PBXGroup;
			children = (
				E0EF57D826A1A12A003BF56A /* Fake */,
				E0EF57C926A18CE3003BF56A /* UserSessionStore.swift */,
			);
			path = UserSessionStore;
			sourceTree = "<group>";
		};
		E0EF57D826A1A12A003BF56A /* Fake */ = {
			isa = PBXGroup;
			children = (
				E0EF57D926A1A137003BF56A /* FakeUserSessionStore.swift */,
			);
			path = Fake;
			sourceTree = "<group>";
		};
		E0EF57DB26A1A312003BF56A /* Reusable Model */ = {
			isa = PBXGroup;
			children = (
				E0EF57CB26A18D3E003BF56A /* ErrorMessage.swift */,
			);
			path = "Reusable Model";
			sourceTree = "<group>";
		};
		E0EF57DC26A1AC80003BF56A /* Signin */ = {
			isa = PBXGroup;
			children = (
				E0EF57C526A077FE003BF56A /* SignInViewModel.swift */,
				E0EF57C326A077A5003BF56A /* SignInView.swift */,
				E0EF57CF26A18E5A003BF56A /* SignInUseCase.swift */,
			);
			path = Signin;
			sourceTree = "<group>";
		};
		E0EF57DD26A1ACBB003BF56A /* Signup */ = {
			isa = PBXGroup;
			children = (
				E0EF57C726A07856003BF56A /* SignUpView.swift */,
			);
			path = Signup;
			sourceTree = "<group>";
		};
		E0EF57DE26A1ACD9003BF56A /* Initial UI */ = {
			isa = PBXGroup;
			children = (
				E0EF57BD26A06B7F003BF56A /* WelcomeView.swift */,
				E0EF57B826A04FA1003BF56A /* LaunchingView.swift */,
				E0EF57D126A18E98003BF56A /* MainView.swift */,
				E0EF57D326A18F01003BF56A /* CurrentView.swift */,
				E0EF57D526A19A55003BF56A /* LandingView.swift */,
			);
			path = "Initial UI";
			sourceTree = "<group>";
		};
		E0EF57DF26A1AD25003BF56A /* UserAuthRemoteAPI */ = {
			isa = PBXGroup;
			children = (
				E0EF57CD26A18E28003BF56A /* UserAuthenticationRemoteAPI.swift */,
			);
			path = UserAuthRemoteAPI;
			sourceTree = "<group>";
		};
		E0EF57E026A1AD44003BF56A /* MyApp */ = {
			isa = PBXGroup;
			children = (
				E0EF57C126A0755E003BF56A /* MyAppDependencyContainer.swift */,
				E0EF57BF26A070D6003BF56A /* MyApp.swift */,
			);
			path = MyApp;
			sourceTree = "<group>";
		};
/* End PBXGroup section */

/* Begin PBXNativeTarget section */
		E0D01585269DA69800FCB4F5 /* AuthenticationSample */ = {
			isa = PBXNativeTarget;
			buildConfigurationList = E0D01595269DA69F00FCB4F5 /* Build configuration list for PBXNativeTarget "AuthenticationSample" */;
			buildPhases = (
				E0D01582269DA69800FCB4F5 /* Sources */,
				E0D01583269DA69800FCB4F5 /* Frameworks */,
				E0D01584269DA69800FCB4F5 /* Resources */,
			);
			buildRules = (
			);
			dependencies = (
			);
			name = AuthenticationSample;
			productName = AuthenticationSample;
			productReference = E0D01586269DA69800FCB4F5 /* AuthenticationSample.app */;
			productType = "com.apple.product-type.application";
		};
/* End PBXNativeTarget section */

/* Begin PBXProject section */
		E0D0157E269DA69800FCB4F5 /* Project object */ = {
			isa = PBXProject;
			attributes = {
				LastSwiftUpdateCheck = 1250;
				LastUpgradeCheck = 1250;
				TargetAttributes = {
					E0D01585269DA69800FCB4F5 = {
						CreatedOnToolsVersion = 12.5.1;
					};
				};
			};
			buildConfigurationList = E0D01581269DA69800FCB4F5 /* Build configuration list for PBXProject "AuthenticationSample" */;
			compatibilityVersion = "Xcode 9.3";
			developmentRegion = en;
			hasScannedForEncodings = 0;
			knownRegions = (
				en,
				Base,
			);
			mainGroup = E0D0157D269DA69800FCB4F5;
			productRefGroup = E0D01587269DA69800FCB4F5 /* Products */;
			projectDirPath = "";
			projectRoot = "";
			targets = (
				E0D01585269DA69800FCB4F5 /* AuthenticationSample */,
			);
		};
/* End PBXProject section */

/* Begin PBXResourcesBuildPhase section */
		E0D01584269DA69800FCB4F5 /* Resources */ = {
			isa = PBXResourcesBuildPhase;
			buildActionMask = 2147483647;
			files = (
				E0D01591269DA69F00FCB4F5 /* Preview Assets.xcassets in Resources */,
				E0D0158E269DA69F00FCB4F5 /* Assets.xcassets in Resources */,
			);
			runOnlyForDeploymentPostprocessing = 0;
		};
/* End PBXResourcesBuildPhase section */

/* Begin PBXSourcesBuildPhase section */
		E0D01582269DA69800FCB4F5 /* Sources */ = {
			isa = PBXSourcesBuildPhase;
			buildActionMask = 2147483647;
			files = (
				E0EF57B126A031C7003BF56A /* UserSession.swift in Sources */,
				E0EF57C026A070D6003BF56A /* MyApp.swift in Sources */,
				E0EF57B426A04741003BF56A /* RemoteUserSession.swift in Sources */,
				E0EF57B926A04FA1003BF56A /* LaunchingView.swift in Sources */,
				E0EF57C826A07856003BF56A /* SignUpView.swift in Sources */,
				E0EF57D626A19A55003BF56A /* LandingView.swift in Sources */,
				E0EF57C426A077A5003BF56A /* SignInView.swift in Sources */,
				E0EF57B626A04757003BF56A /* UserProfile.swift in Sources */,
				E0EF57DA26A1A137003BF56A /* FakeUserSessionStore.swift in Sources */,
				E0EF57BC26A05058003BF56A /* FullscreenView.swift in Sources */,
				E0EF57CC26A18D3E003BF56A /* ErrorMessage.swift in Sources */,
				E0D0158A269DA69800FCB4F5 /* AuthenticationSampleApp.swift in Sources */,
				E0EF57D426A18F01003BF56A /* CurrentView.swift in Sources */,
				E0EF57C626A077FE003BF56A /* SignInViewModel.swift in Sources */,
				E0EF57D226A18E98003BF56A /* MainView.swift in Sources */,
				E0EF57CE26A18E28003BF56A /* UserAuthenticationRemoteAPI.swift in Sources */,
				E0EF57BE26A06B7F003BF56A /* WelcomeView.swift in Sources */,
				E0EF57CA26A18CE3003BF56A /* UserSessionStore.swift in Sources */,
				E0EF57C226A0755E003BF56A /* MyAppDependencyContainer.swift in Sources */,
				E0EF57D026A18E5A003BF56A /* SignInUseCase.swift in Sources */,
			);
			runOnlyForDeploymentPostprocessing = 0;
		};
/* End PBXSourcesBuildPhase section */

/* Begin XCBuildConfiguration section */
		E0D01593269DA69F00FCB4F5 /* Debug */ = {
			isa = XCBuildConfiguration;
			buildSettings = {
				ALWAYS_SEARCH_USER_PATHS = NO;
				CLANG_ANALYZER_NONNULL = YES;
				CLANG_ANALYZER_NUMBER_OBJECT_CONVERSION = YES_AGGRESSIVE;
				CLANG_CXX_LANGUAGE_STANDARD = "gnu++14";
				CLANG_CXX_LIBRARY = "libc++";
				CLANG_ENABLE_MODULES = YES;
				CLANG_ENABLE_OBJC_ARC = YES;
				CLANG_ENABLE_OBJC_WEAK = YES;
				CLANG_WARN_BLOCK_CAPTURE_AUTORELEASING = YES;
				CLANG_WARN_BOOL_CONVERSION = YES;
				CLANG_WARN_COMMA = YES;
				CLANG_WARN_CONSTANT_CONVERSION = YES;
				CLANG_WARN_DEPRECATED_OBJC_IMPLEMENTATIONS = YES;
				CLANG_WARN_DIRECT_OBJC_ISA_USAGE = YES_ERROR;
				CLANG_WARN_DOCUMENTATION_COMMENTS = YES;
				CLANG_WARN_EMPTY_BODY = YES;
				CLANG_WARN_ENUM_CONVERSION = YES;
				CLANG_WARN_INFINITE_RECURSION = YES;
				CLANG_WARN_INT_CONVERSION = YES;
				CLANG_WARN_NON_LITERAL_NULL_CONVERSION = YES;
				CLANG_WARN_OBJC_IMPLICIT_RETAIN_SELF = YES;
				CLANG_WARN_OBJC_LITERAL_CONVERSION = YES;
				CLANG_WARN_OBJC_ROOT_CLASS = YES_ERROR;
				CLANG_WARN_QUOTED_INCLUDE_IN_FRAMEWORK_HEADER = YES;
				CLANG_WARN_RANGE_LOOP_ANALYSIS = YES;
				CLANG_WARN_STRICT_PROTOTYPES = YES;
				CLANG_WARN_SUSPICIOUS_MOVE = YES;
				CLANG_WARN_UNGUARDED_AVAILABILITY = YES_AGGRESSIVE;
				CLANG_WARN_UNREACHABLE_CODE = YES;
				CLANG_WARN__DUPLICATE_METHOD_MATCH = YES;
				COPY_PHASE_STRIP = NO;
				DEBUG_INFORMATION_FORMAT = dwarf;
				ENABLE_STRICT_OBJC_MSGSEND = YES;
				ENABLE_TESTABILITY = YES;
				GCC_C_LANGUAGE_STANDARD = gnu11;
				GCC_DYNAMIC_NO_PIC = NO;
				GCC_NO_COMMON_BLOCKS = YES;
				GCC_OPTIMIZATION_LEVEL = 0;
				GCC_PREPROCESSOR_DEFINITIONS = (
					"DEBUG=1",
					"$(inherited)",
				);
				GCC_WARN_64_TO_32_BIT_CONVERSION = YES;
				GCC_WARN_ABOUT_RETURN_TYPE = YES_ERROR;
				GCC_WARN_UNDECLARED_SELECTOR = YES;
				GCC_WARN_UNINITIALIZED_AUTOS = YES_AGGRESSIVE;
				GCC_WARN_UNUSED_FUNCTION = YES;
				GCC_WARN_UNUSED_VARIABLE = YES;
				IPHONEOS_DEPLOYMENT_TARGET = 14.5;
				MTL_ENABLE_DEBUG_INFO = INCLUDE_SOURCE;
				MTL_FAST_MATH = YES;
				ONLY_ACTIVE_ARCH = YES;
				SDKROOT = iphoneos;
				SWIFT_ACTIVE_COMPILATION_CONDITIONS = DEBUG;
				SWIFT_OPTIMIZATION_LEVEL = "-Onone";
			};
			name = Debug;
		};
		E0D01594269DA69F00FCB4F5 /* Release */ = {
			isa = XCBuildConfiguration;
			buildSettings = {
				ALWAYS_SEARCH_USER_PATHS = NO;
				CLANG_ANALYZER_NONNULL = YES;
				CLANG_ANALYZER_NUMBER_OBJECT_CONVERSION = YES_AGGRESSIVE;
				CLANG_CXX_LANGUAGE_STANDARD = "gnu++14";
				CLANG_CXX_LIBRARY = "libc++";
				CLANG_ENABLE_MODULES = YES;
				CLANG_ENABLE_OBJC_ARC = YES;
				CLANG_ENABLE_OBJC_WEAK = YES;
				CLANG_WARN_BLOCK_CAPTURE_AUTORELEASING = YES;
				CLANG_WARN_BOOL_CONVERSION = YES;
				CLANG_WARN_COMMA = YES;
				CLANG_WARN_CONSTANT_CONVERSION = YES;
				CLANG_WARN_DEPRECATED_OBJC_IMPLEMENTATIONS = YES;
				CLANG_WARN_DIRECT_OBJC_ISA_USAGE = YES_ERROR;
				CLANG_WARN_DOCUMENTATION_COMMENTS = YES;
				CLANG_WARN_EMPTY_BODY = YES;
				CLANG_WARN_ENUM_CONVERSION = YES;
				CLANG_WARN_INFINITE_RECURSION = YES;
				CLANG_WARN_INT_CONVERSION = YES;
				CLANG_WARN_NON_LITERAL_NULL_CONVERSION = YES;
				CLANG_WARN_OBJC_IMPLICIT_RETAIN_SELF = YES;
				CLANG_WARN_OBJC_LITERAL_CONVERSION = YES;
				CLANG_WARN_OBJC_ROOT_CLASS = YES_ERROR;
				CLANG_WARN_QUOTED_INCLUDE_IN_FRAMEWORK_HEADER = YES;
				CLANG_WARN_RANGE_LOOP_ANALYSIS = YES;
				CLANG_WARN_STRICT_PROTOTYPES = YES;
				CLANG_WARN_SUSPICIOUS_MOVE = YES;
				CLANG_WARN_UNGUARDED_AVAILABILITY = YES_AGGRESSIVE;
				CLANG_WARN_UNREACHABLE_CODE = YES;
				CLANG_WARN__DUPLICATE_METHOD_MATCH = YES;
				COPY_PHASE_STRIP = NO;
				DEBUG_INFORMATION_FORMAT = "dwarf-with-dsym";
				ENABLE_NS_ASSERTIONS = NO;
				ENABLE_STRICT_OBJC_MSGSEND = YES;
				GCC_C_LANGUAGE_STANDARD = gnu11;
				GCC_NO_COMMON_BLOCKS = YES;
				GCC_WARN_64_TO_32_BIT_CONVERSION = YES;
				GCC_WARN_ABOUT_RETURN_TYPE = YES_ERROR;
				GCC_WARN_UNDECLARED_SELECTOR = YES;
				GCC_WARN_UNINITIALIZED_AUTOS = YES_AGGRESSIVE;
				GCC_WARN_UNUSED_FUNCTION = YES;
				GCC_WARN_UNUSED_VARIABLE = YES;
				IPHONEOS_DEPLOYMENT_TARGET = 14.5;
				MTL_ENABLE_DEBUG_INFO = NO;
				MTL_FAST_MATH = YES;
				SDKROOT = iphoneos;
				SWIFT_COMPILATION_MODE = wholemodule;
				SWIFT_OPTIMIZATION_LEVEL = "-O";
				VALIDATE_PRODUCT = YES;
			};
			name = Release;
		};
		E0D01596269DA69F00FCB4F5 /* Debug */ = {
			isa = XCBuildConfiguration;
			buildSettings = {
				ASSETCATALOG_COMPILER_APPICON_NAME = AppIcon;
				ASSETCATALOG_COMPILER_GLOBAL_ACCENT_COLOR_NAME = AccentColor;
				CODE_SIGN_STYLE = Automatic;
				DEVELOPMENT_ASSET_PATHS = "\"AuthenticationSample/Preview Content\"";
				DEVELOPMENT_TEAM = 7ZAD79UQ4M;
				ENABLE_PREVIEWS = YES;
				INFOPLIST_FILE = AuthenticationSample/Info.plist;
				IPHONEOS_DEPLOYMENT_TARGET = 14.0;
				LD_RUNPATH_SEARCH_PATHS = (
					"$(inherited)",
					"@executable_path/Frameworks",
				);
				PRODUCT_BUNDLE_IDENTIFIER = ah.AuthenticationSample;
				PRODUCT_NAME = "$(TARGET_NAME)";
				SWIFT_VERSION = 5.0;
				TARGETED_DEVICE_FAMILY = "1,2";
			};
			name = Debug;
		};
		E0D01597269DA69F00FCB4F5 /* Release */ = {
			isa = XCBuildConfiguration;
			buildSettings = {
				ASSETCATALOG_COMPILER_APPICON_NAME = AppIcon;
				ASSETCATALOG_COMPILER_GLOBAL_ACCENT_COLOR_NAME = AccentColor;
				CODE_SIGN_STYLE = Automatic;
				DEVELOPMENT_ASSET_PATHS = "\"AuthenticationSample/Preview Content\"";
				DEVELOPMENT_TEAM = 7ZAD79UQ4M;
				ENABLE_PREVIEWS = YES;
				INFOPLIST_FILE = AuthenticationSample/Info.plist;
				IPHONEOS_DEPLOYMENT_TARGET = 14.0;
				LD_RUNPATH_SEARCH_PATHS = (
					"$(inherited)",
					"@executable_path/Frameworks",
				);
				PRODUCT_BUNDLE_IDENTIFIER = ah.AuthenticationSample;
				PRODUCT_NAME = "$(TARGET_NAME)";
				SWIFT_VERSION = 5.0;
				TARGETED_DEVICE_FAMILY = "1,2";
			};
			name = Release;
		};
/* End XCBuildConfiguration section */

/* Begin XCConfigurationList section */
		E0D01581269DA69800FCB4F5 /* Build configuration list for PBXProject "AuthenticationSample" */ = {
			isa = XCConfigurationList;
			buildConfigurations = (
				E0D01593269DA69F00FCB4F5 /* Debug */,
				E0D01594269DA69F00FCB4F5 /* Release */,
			);
			defaultConfigurationIsVisible = 0;
			defaultConfigurationName = Release;
		};
		E0D01595269DA69F00FCB4F5 /* Build configuration list for PBXNativeTarget "AuthenticationSample" */ = {
			isa = XCConfigurationList;
			buildConfigurations = (
				E0D01596269DA69F00FCB4F5 /* Debug */,
				E0D01597269DA69F00FCB4F5 /* Release */,
			);
			defaultConfigurationIsVisible = 0;
			defaultConfigurationName = Release;
		};
/* End XCConfigurationList section */
	};
	rootObject = E0D0157E269DA69800FCB4F5 /* Project object */;
}
